
Microsoft Visual Studio Solution File, Format Version 12.00
# Visual Studio Version 17
VisualStudioVersion = 17.0.32112.339
MinimumVisualStudioVersion = 10.0.40219.1
Project("{FAE04EC0-301F-11D3-BF4B-00C04F79EFBC}") = "Prime Number", "Prime Number\Prime Number.csproj", "{683AD4B3-790C-42F2-8DE4-44D31404EADA}"
EndProject
Global
	GlobalSection(SolutionConfigurationPlatforms) = preSolution
		Debug|Any CPU = Debug|Any CPU
		Release|Any CPU = Release|Any CPU
	EndGlobalSection
	GlobalSection(ProjectConfigurationPlatforms) = postSolution
		{683AD4B3-790C-42F2-8DE4-44D31404EADA}.Debug|Any CPU.ActiveCfg = Debug|Any CPU
		{683AD4B3-790C-42F2-8DE4-44D31404EADA}.Debug|Any CPU.Build.0 = Debug|Any CPU
		{683AD4B3-790C-42F2-8DE4-44D31404EADA}.Release|Any CPU.ActiveCfg = Release|Any CPU
		{683AD4B3-790C-42F2-8DE4-44D31404EADA}.Release|Any CPU.Build.0 = Release|Any CPU
	EndGlobalSection
	GlobalSection(SolutionProperties) = preSolution
		HideSolutionNode = FALSE
	EndGlobalSection
	GlobalSection(ExtensibilityGlobals) = postSolution
		SolutionGuid = {1216301A-067E-45A2-8AAC-4045E354C732}
	EndGlobalSection
EndGlobal
